
Microsoft Visual Studio Solution File, Format Version 12.00
# Visual Studio Version 16
VisualStudioVersion = 16.0.30011.22
MinimumVisualStudioVersion = 10.0.40219.1
Project("{FAE04EC0-301F-11D3-BF4B-00C04F79EFBC}") = "CRMService", "CRMService\CRMService.csproj", "{7008BCFD-3FD1-4197-B4EB-805449D4D8A4}"
EndProject
Project("{FAE04EC0-301F-11D3-BF4B-00C04F79EFBC}") = "CRMService.Tests", "CRMService.Tests\CRMService.Tests.csproj", "{F7425A6F-5D73-431B-9B32-85FB62032E4E}"
EndProject
Project("{FAE04EC0-301F-11D3-BF4B-00C04F79EFBC}") = "CRMService.Infrastructure", "CRMService.Data\CRMService.Infrastructure.csproj", "{B3531316-78BA-4325-8DED-4DC1472C84C3}"
EndProject
Global
	GlobalSection(SolutionConfigurationPlatforms) = preSolution
		Debug|Any CPU = Debug|Any CPU
		Release|Any CPU = Release|Any CPU
	EndGlobalSection
	GlobalSection(ProjectConfigurationPlatforms) = postSolution
		{7008BCFD-3FD1-4197-B4EB-805449D4D8A4}.Debug|Any CPU.ActiveCfg = Debug|Any CPU
		{7008BCFD-3FD1-4197-B4EB-805449D4D8A4}.Debug|Any CPU.Build.0 = Debug|Any CPU
		{7008BCFD-3FD1-4197-B4EB-805449D4D8A4}.Release|Any CPU.ActiveCfg = Release|Any CPU
		{7008BCFD-3FD1-4197-B4EB-805449D4D8A4}.Release|Any CPU.Build.0 = Release|Any CPU
		{F7425A6F-5D73-431B-9B32-85FB62032E4E}.Debug|Any CPU.ActiveCfg = Debug|Any CPU
		{F7425A6F-5D73-431B-9B32-85FB62032E4E}.Debug|Any CPU.Build.0 = Debug|Any CPU
		{F7425A6F-5D73-431B-9B32-85FB62032E4E}.Release|Any CPU.ActiveCfg = Release|Any CPU
		{F7425A6F-5D73-431B-9B32-85FB62032E4E}.Release|Any CPU.Build.0 = Release|Any CPU
		{B3531316-78BA-4325-8DED-4DC1472C84C3}.Debug|Any CPU.ActiveCfg = Debug|Any CPU
		{B3531316-78BA-4325-8DED-4DC1472C84C3}.Debug|Any CPU.Build.0 = Debug|Any CPU
		{B3531316-78BA-4325-8DED-4DC1472C84C3}.Release|Any CPU.ActiveCfg = Release|Any CPU
		{B3531316-78BA-4325-8DED-4DC1472C84C3}.Release|Any CPU.Build.0 = Release|Any CPU
	EndGlobalSection
	GlobalSection(SolutionProperties) = preSolution
		HideSolutionNode = FALSE
	EndGlobalSection
	GlobalSection(ExtensibilityGlobals) = postSolution
		SolutionGuid = {43D1D8DA-A23A-4254-8EFB-47440463B5E2}
	EndGlobalSection
EndGlobal
